{
  "version": 4,
  "terraform_version": "1.9.3",
  "serial": 48,
  "lineage": "396ffa24-3af8-092b-e8d4-da04ba6dee12",
  "outputs": {},
  "resources": [
    {
      "mode": "managed",
      "type": "azurerm_postgresql_flexible_server",
      "name": "apfspgsql",
      "provider": "provider[\"registry.terraform.io/hashicorp/azurerm\"]",
      "instances": [
        {
          "schema_version": 0,
          "attributes": {
            "administrator_login": "psqladmin",
            "administrator_password": "H@Sh1CoR3!",
            "authentication": [
              {
                "active_directory_auth_enabled": false,
                "password_auth_enabled": true,
                "tenant_id": ""
              }
            ],
            "auto_grow_enabled": false,
            "backup_retention_days": 7,
            "create_mode": null,
            "customer_managed_key": [],
            "delegated_subnet_id": "",
            "fqdn": "apfs-bssns99.postgres.database.azure.com",
            "geo_redundant_backup_enabled": false,
            "high_availability": [],
            "id": "/subscriptions/214be358-e4cb-434f-b300-aceef5abd2f3/resourceGroups/RG-PGSQLFS/providers/Microsoft.DBforPostgreSQL/flexibleServers/apfs-bssns99",
            "identity": [],
            "location": "northeurope",
            "maintenance_window": [],
            "name": "apfs-bssns99",
            "point_in_time_restore_time_in_utc": null,
            "private_dns_zone_id": "",
            "public_network_access_enabled": true,
            "replication_role": "",
            "resource_group_name": "RG-PGSQLFS",
            "sku_name": "B_Standard_B1ms",
            "source_server_id": null,
            "storage_mb": 32768,
            "storage_tier": "P4",
            "tags": {},
            "timeouts": null,
            "version": "16",
            "zone": "1"
          },
          "sensitive_attributes": [
            [
              {
                "type": "get_attr",
                "value": "administrator_password"
              }
            ]
          ],
          "private": "eyJlMmJmYjczMC1lY2FhLTExZTYtOGY4OC0zNDM2M2JjN2M0YzAiOnsiY3JlYXRlIjozNjAwMDAwMDAwMDAwLCJkZWxldGUiOjM2MDAwMDAwMDAwMDAsInJlYWQiOjMwMDAwMDAwMDAwMCwidXBkYXRlIjozNjAwMDAwMDAwMDAwfX0=",
          "dependencies": [
            "azurerm_resource_group.argpgsql"
          ]
        }
      ]
    },
    {
      "mode": "managed",
      "type": "azurerm_postgresql_flexible_server_configuration",
      "name": "apfscpgsql",
      "provider": "provider[\"registry.terraform.io/hashicorp/azurerm\"]",
      "instances": [
        {
          "schema_version": 0,
          "attributes": {
            "id": "/subscriptions/214be358-e4cb-434f-b300-aceef5abd2f3/resourceGroups/RG-PGSQLFS/providers/Microsoft.DBforPostgreSQL/flexibleServers/apfs-bssns99/configurations/require_secure_transport",
            "name": "require_secure_transport",
            "server_id": "/subscriptions/214be358-e4cb-434f-b300-aceef5abd2f3/resourceGroups/RG-PGSQLFS/providers/Microsoft.DBforPostgreSQL/flexibleServers/apfs-bssns99",
            "timeouts": null,
            "value": "off"
          },
          "sensitive_attributes": [],
          "private": "eyJlMmJmYjczMC1lY2FhLTExZTYtOGY4OC0zNDM2M2JjN2M0YzAiOnsiY3JlYXRlIjoxODAwMDAwMDAwMDAwLCJkZWxldGUiOjE4MDAwMDAwMDAwMDAsInJlYWQiOjMwMDAwMDAwMDAwMCwidXBkYXRlIjoxODAwMDAwMDAwMDAwfX0=",
          "dependencies": [
            "azurerm_postgresql_flexible_server.apfspgsql",
            "azurerm_resource_group.argpgsql"
          ]
        }
      ]
    },
    {
      "mode": "managed",
      "type": "azurerm_postgresql_flexible_server_database",
      "name": "apfsdpgsql",
      "provider": "provider[\"registry.terraform.io/hashicorp/azurerm\"]",
      "instances": [
        {
          "schema_version": 0,
          "attributes": {
            "charset": "UTF8",
            "collation": "en_US.utf8",
            "id": "/subscriptions/214be358-e4cb-434f-b300-aceef5abd2f3/resourceGroups/RG-PGSQLFS/providers/Microsoft.DBforPostgreSQL/flexibleServers/apfs-bssns99/databases/gymfitdb",
            "name": "gymfitdb",
            "server_id": "/subscriptions/214be358-e4cb-434f-b300-aceef5abd2f3/resourceGroups/RG-PGSQLFS/providers/Microsoft.DBforPostgreSQL/flexibleServers/apfs-bssns99",
            "timeouts": null
          },
          "sensitive_attributes": [],
          "private": "eyJlMmJmYjczMC1lY2FhLTExZTYtOGY4OC0zNDM2M2JjN2M0YzAiOnsiY3JlYXRlIjoxODAwMDAwMDAwMDAwLCJkZWxldGUiOjE4MDAwMDAwMDAwMDAsInJlYWQiOjMwMDAwMDAwMDAwMH19",
          "dependencies": [
            "azurerm_postgresql_flexible_server.apfspgsql",
            "azurerm_resource_group.argpgsql"
          ]
        }
      ]
    },
    {
      "mode": "managed",
      "type": "azurerm_resource_group",
      "name": "argpgsql",
      "provider": "provider[\"registry.terraform.io/hashicorp/azurerm\"]",
      "instances": [
        {
          "schema_version": 0,
          "attributes": {
            "id": "/subscriptions/214be358-e4cb-434f-b300-aceef5abd2f3/resourceGroups/RG-PGSQLFS",
            "location": "northeurope",
            "managed_by": "",
            "name": "RG-PGSQLFS",
            "tags": {},
            "timeouts": null
          },
          "sensitive_attributes": [],
          "private": "eyJlMmJmYjczMC1lY2FhLTExZTYtOGY4OC0zNDM2M2JjN2M0YzAiOnsiY3JlYXRlIjo1NDAwMDAwMDAwMDAwLCJkZWxldGUiOjU0MDAwMDAwMDAwMDAsInJlYWQiOjMwMDAwMDAwMDAwMCwidXBkYXRlIjo1NDAwMDAwMDAwMDAwfX0="
        }
      ]
    },
    {
      "mode": "managed",
      "type": "azurerm_resource_group",
      "name": "rgbs",
      "provider": "provider[\"registry.terraform.io/hashicorp/azurerm\"]",
      "instances": [
        {
          "schema_version": 0,
          "attributes": {
            "id": "/subscriptions/214be358-e4cb-434f-b300-aceef5abd2f3/resourceGroups/RG-BS",
            "location": "northeurope",
            "managed_by": "",
            "name": "RG-BS",
            "tags": {},
            "timeouts": null
          },
          "sensitive_attributes": [],
          "private": "eyJlMmJmYjczMC1lY2FhLTExZTYtOGY4OC0zNDM2M2JjN2M0YzAiOnsiY3JlYXRlIjo1NDAwMDAwMDAwMDAwLCJkZWxldGUiOjU0MDAwMDAwMDAwMDAsInJlYWQiOjMwMDAwMDAwMDAwMCwidXBkYXRlIjo1NDAwMDAwMDAwMDAwfX0="
        }
      ]
    },
    {
      "mode": "managed",
      "type": "azurerm_service_plan",
      "name": "aspbs",
      "provider": "provider[\"registry.terraform.io/hashicorp/azurerm\"]",
      "instances": [
        {
          "schema_version": 1,
          "attributes": {
            "app_service_environment_id": "",
            "id": "/subscriptions/214be358-e4cb-434f-b300-aceef5abd2f3/resourceGroups/RG-BS/providers/Microsoft.Web/serverFarms/ASP-BS",
            "kind": "app",
            "location": "northeurope",
            "maximum_elastic_worker_count": 1,
            "name": "ASP-BS",
            "os_type": "Windows",
            "per_site_scaling_enabled": false,
            "reserved": false,
            "resource_group_name": "RG-BS",
            "sku_name": "F1",
            "tags": {},
            "timeouts": null,
            "worker_count": 0,
            "zone_balancing_enabled": false
          },
          "sensitive_attributes": [],
          "private": "eyJlMmJmYjczMC1lY2FhLTExZTYtOGY4OC0zNDM2M2JjN2M0YzAiOnsiY3JlYXRlIjozNjAwMDAwMDAwMDAwLCJkZWxldGUiOjM2MDAwMDAwMDAwMDAsInJlYWQiOjMwMDAwMDAwMDAwMCwidXBkYXRlIjozNjAwMDAwMDAwMDAwfSwic2NoZW1hX3ZlcnNpb24iOiIxIn0=",
          "dependencies": [
            "azurerm_resource_group.rgbs"
          ]
        }
      ]
    },
    {
      "mode": "managed",
      "type": "azurerm_windows_web_app",
      "name": "awwabs",
      "provider": "provider[\"registry.terraform.io/hashicorp/azurerm\"]",
      "instances": [
        {
          "schema_version": 1,
          "attributes": {
            "app_settings": {
              "ADMIN_AUTH_LOGIN_PASSWORD": "admin",
              "ADMIN_AUTH_LOGIN_USERNAME": "admin",
              "ADMIN_FRONTEND_BASE_URL": "*",
              "APP_JWT_EXPIRATION_MILISECONDS": "86400000",
              "APP_JWT_SECRECT": "daf66e01593f61a15b857cf433aae03a005812b31234e149036bcc8dee755dbb",
              "DB_HOST": "apfs-bssns99.postgres.database.azure.com",
              "DB_NAME": "gymfitdb",
              "DB_PASSWORD": "H@Sh1CoR3!",
              "DB_PORT": "5432",
              "DB_USERNAME": "psqladmin",
              "EMAIL_HOST": "smtp.gmail.com",
              "EMAIL_ORIGIN": "gymfitbulgaria@gmail.com",
              "EMAIL_PASSWORD": "iefn yzqo tpej keuy",
              "EMAIL_PORT": "587",
              "EMAIL_PROPS_KEY_ONE": "mail.smtp.starttls.enable",
              "EMAIL_PROPS_KEY_THREE": "mail.smtp.ssl.trust",
              "EMAIL_PROPS_KEY_TWO": "mail.smtp.auth",
              "EMAIL_PROPS_VALUE_ONE": "true",
              "EMAIL_PROPS_VALUE_THREE": "smtp.gmail.com",
              "EMAIL_PROPS_VALUE_TWO": "true",
              "SILA_BG_API_KEY": "Y1nVBIx7QV7aSlHyf1xHXdEmr3G4b64U3b1PCpFR0CfXUGRa64SFPYpD05MsGiflgaoH61CkqkplIZAy",
              "SILA_BG_AUTH_EMAIL": "stanimirsergev159@gmail.com",
              "SILA_BG_AUTH_PASSWORD": "bymejuh",
              "SPEEDY_API_PASSWORD": "6625235775",
              "SPEEDY_API_USERNAME": "1995900",
              "USER_FRONTEND_BASE_URL": "https://gymfitbulgaria.azurewebsites.net/"
            },
            "auth_settings": [],
            "auth_settings_v2": [],
            "backup": [],
            "client_affinity_enabled": false,
            "client_certificate_enabled": false,
            "client_certificate_exclusion_paths": "",
            "client_certificate_mode": "Required",
            "connection_string": [],
            "custom_domain_verification_id": "6EF228F85CB2DBB96618654C25B01B1B59D8F9004F04DB6C5BB665BB1C16AE45",
            "default_hostname": "gymfitbulgaria-api.azurewebsites.net",
            "enabled": true,
            "ftp_publish_basic_authentication_enabled": true,
            "hosting_environment_id": "",
            "https_only": false,
            "id": "/subscriptions/214be358-e4cb-434f-b300-aceef5abd2f3/resourceGroups/RG-BS/providers/Microsoft.Web/sites/gymfitbulgaria-api",
            "identity": [],
            "key_vault_reference_identity_id": "SystemAssigned",
            "kind": "app",
            "location": "northeurope",
            "logs": [],
            "name": "gymfitbulgaria-api",
            "outbound_ip_address_list": [
              "52.158.113.75",
              "52.158.113.102",
              "52.158.113.104",
              "52.158.112.249",
              "52.158.113.107",
              "52.158.113.126",
              "20.50.64.17"
            ],
            "outbound_ip_addresses": "52.158.113.75,52.158.113.102,52.158.113.104,52.158.112.249,52.158.113.107,52.158.113.126,20.50.64.17",
            "possible_outbound_ip_address_list": [
              "52.158.113.75",
              "52.158.113.102",
              "52.158.113.104",
              "52.158.112.249",
              "52.158.113.107",
              "52.158.113.126",
              "52.158.113.131",
              "52.158.113.132",
              "52.158.113.158",
              "52.158.113.192",
              "52.158.113.212",
              "52.158.113.218",
              "52.158.113.245",
              "52.142.86.150",
              "52.158.113.248",
              "52.158.114.69",
              "52.158.114.89",
              "52.158.114.93",
              "52.158.114.102",
              "52.158.114.164",
              "52.158.114.181",
              "52.158.114.185",
              "52.158.114.214",
              "20.191.50.251",
              "20.191.53.152",
              "20.191.53.203",
              "51.104.138.10",
              "20.67.179.98",
              "20.82.208.177",
              "20.82.208.205",
              "20.50.64.17"
            ],
            "possible_outbound_ip_addresses": "52.158.113.75,52.158.113.102,52.158.113.104,52.158.112.249,52.158.113.107,52.158.113.126,52.158.113.131,52.158.113.132,52.158.113.158,52.158.113.192,52.158.113.212,52.158.113.218,52.158.113.245,52.142.86.150,52.158.113.248,52.158.114.69,52.158.114.89,52.158.114.93,52.158.114.102,52.158.114.164,52.158.114.181,52.158.114.185,52.158.114.214,20.191.50.251,20.191.53.152,20.191.53.203,51.104.138.10,20.67.179.98,20.82.208.177,20.82.208.205,20.50.64.17",
            "public_network_access_enabled": true,
            "resource_group_name": "RG-BS",
            "service_plan_id": "/subscriptions/214be358-e4cb-434f-b300-aceef5abd2f3/resourceGroups/RG-BS/providers/Microsoft.Web/serverFarms/ASP-BS",
            "site_config": [
              {
                "always_on": false,
                "api_definition_url": "",
                "api_management_api_id": "",
                "app_command_line": "",
                "application_stack": [
                  {
                    "current_stack": "java",
                    "docker_container_name": "",
                    "docker_container_registry": "",
                    "docker_container_tag": "",
                    "docker_image_name": "",
                    "docker_registry_password": "",
                    "docker_registry_url": "",
                    "docker_registry_username": "",
                    "dotnet_core_version": "",
                    "dotnet_version": "v4.0",
                    "java_container": "",
                    "java_container_version": "",
                    "java_embedded_server_enabled": true,
                    "java_version": "17",
                    "node_version": "",
                    "php_version": "5.6",
                    "python": false,
                    "python_version": "",
                    "tomcat_version": ""
                  }
                ],
                "auto_heal_enabled": false,
                "auto_heal_setting": [],
                "container_registry_managed_identity_client_id": "",
                "container_registry_use_managed_identity": false,
                "cors": [],
                "default_documents": [
                  "Default.htm",
                  "Default.html",
                  "Default.asp",
                  "index.htm",
                  "index.html",
                  "iisstart.htm",
                  "default.aspx",
                  "index.php",
                  "hostingstart.html"
                ],
                "detailed_error_logging_enabled": false,
                "ftps_state": "Disabled",
                "handler_mapping": [],
                "health_check_eviction_time_in_min": 0,
                "health_check_path": "",
                "http2_enabled": false,
                "ip_restriction": [],
                "ip_restriction_default_action": "Allow",
                "linux_fx_version": "",
                "load_balancing_mode": "LeastRequests",
                "local_mysql_enabled": false,
                "managed_pipeline_mode": "Integrated",
                "minimum_tls_version": "1.2",
                "remote_debugging_enabled": false,
                "remote_debugging_version": "VS2022",
                "scm_ip_restriction": [],
                "scm_ip_restriction_default_action": "Allow",
                "scm_minimum_tls_version": "1.2",
                "scm_type": "None",
                "scm_use_main_ip_restriction": false,
                "use_32_bit_worker": true,
                "virtual_application": [],
                "vnet_route_all_enabled": false,
                "websockets_enabled": false,
                "windows_fx_version": "",
                "worker_count": 1
              }
            ],
            "site_credential": [
              {
                "name": "$gymfitbulgaria-api",
                "password": "v8orGPtqCCyD5fjolv7o7eMvB4bXcEwmgrgrvcFBrZ2hkeeq7RBND4MPpYn8"
              }
            ],
            "sticky_settings": [],
            "storage_account": [],
            "tags": {},
            "timeouts": null,
            "virtual_network_subnet_id": "",
            "webdeploy_publish_basic_authentication_enabled": true,
            "zip_deploy_file": ""
          },
          "sensitive_attributes": [
            [
              {
                "type": "get_attr",
                "value": "site_config"
              },
              {
                "type": "index",
                "value": {
                  "value": 0,
                  "type": "number"
                }
              },
              {
                "type": "get_attr",
                "value": "application_stack"
              },
              {
                "type": "index",
                "value": {
                  "value": 0,
                  "type": "number"
                }
              },
              {
                "type": "get_attr",
                "value": "docker_registry_password"
              }
            ],
            [
              {
                "type": "get_attr",
                "value": "app_settings"
              },
              {
                "type": "index",
                "value": {
                  "value": "DB_PASSWORD",
                  "type": "string"
                }
              }
            ],
            [
              {
                "type": "get_attr",
                "value": "custom_domain_verification_id"
              }
            ],
            [
              {
                "type": "get_attr",
                "value": "site_credential"
              }
            ]
          ],
          "private": "eyJlMmJmYjczMC1lY2FhLTExZTYtOGY4OC0zNDM2M2JjN2M0YzAiOnsiY3JlYXRlIjoxODAwMDAwMDAwMDAwLCJkZWxldGUiOjE4MDAwMDAwMDAwMDAsInJlYWQiOjMwMDAwMDAwMDAwMCwidXBkYXRlIjoxODAwMDAwMDAwMDAwfSwic2NoZW1hX3ZlcnNpb24iOiIxIn0=",
          "dependencies": [
            "azurerm_postgresql_flexible_server.apfspgsql",
            "azurerm_postgresql_flexible_server_database.apfsdpgsql",
            "azurerm_resource_group.argpgsql",
            "azurerm_resource_group.rgbs",
            "azurerm_service_plan.aspbs"
          ]
        }
      ]
    }
  ],
  "check_results": null
}
