{
  "version": 4,
  "terraform_version": "1.3.7",
  "serial": 74,
  "lineage": "b38d866f-e2dc-b708-9eab-6964d18bb49c",
  "outputs": {},
  "resources": [
    {
      "mode": "data",
      "type": "azurerm_postgresql_flexible_server",
      "name": "pgsql_server",
      "provider": "provider[\"registry.terraform.io/hashicorp/azurerm\"]",
      "instances": [
        {
          "schema_version": 0,
          "attributes": {
            "administrator_login": "psqladmin",
            "auto_grow_enabled": false,
            "backup_retention_days": 7,
            "delegated_subnet_id": "",
            "fqdn": "apfs-bssns99.postgres.database.azure.com",
            "id": "/subscriptions/214be358-e4cb-434f-b300-aceef5abd2f3/resourceGroups/RG-PGSQLFS/providers/Microsoft.DBforPostgreSQL/flexibleServers/apfs-bssns99",
            "location": "northeurope",
            "name": "apfs-bssns99",
            "public_network_access_enabled": true,
            "resource_group_name": "RG-PGSQLFS",
            "sku_name": "B_Standard_B1ms",
            "storage_mb": 32768,
            "tags": {},
            "timeouts": null,
            "version": "16"
          },
          "sensitive_attributes": []
        }
      ]
    },
    {
      "mode": "data",
      "type": "azurerm_windows_web_app",
      "name": "web_app",
      "provider": "provider[\"registry.terraform.io/hashicorp/azurerm\"]",
      "instances": [
        {
          "schema_version": 0,
          "attributes": {
            "app_settings": {
              "ADMIN_AUTH_LOGIN_PASSWORD": "admin",
              "ADMIN_AUTH_LOGIN_USERNAME": "admin",
              "ADMIN_FRONTEND_BASE_URL": "https://gymfitbulgaria-admin.azurewebsites.net/",
              "APP_JWT_EXPIRATION_MILISECONDS": "86400000",
              "APP_JWT_SECRECT": "daf66e01593f61a15b857cf433aae03a005812b31234e149036bcc8dee755dbb",
              "DB_HOST": "apfs-bssns99.postgres.database.azure.com",
              "DB_NAME": "gymfitdb",
              "DB_PASSWORD": "H@Sh1CoR3!",
              "DB_PORT": "5432",
              "DB_USERNAME": "psqladmin",
              "EMAIL_HOST": "smtp.gmail.com",
              "EMAIL_ORIGIN": "gymfitbulgaria@gmail.com",
              "EMAIL_PASSWORD": "iefn yzqo tpej keuy",
              "EMAIL_PORT": "587",
              "EMAIL_PROPS_KEY_ONE": "mail.smtp.starttls.enable",
              "EMAIL_PROPS_KEY_THREE": "mail.smtp.ssl.trust",
              "EMAIL_PROPS_KEY_TWO": "mail.smtp.auth",
              "EMAIL_PROPS_VALUE_ONE": "true",
              "EMAIL_PROPS_VALUE_THREE": "smtp.gmail.com",
              "EMAIL_PROPS_VALUE_TWO": "true",
              "SILA_BG_API_KEY": "Y1nVBIx7QV7aSlHyf1xHXdEmr3G4b64U3b1PCpFR0CfXUGRa64SFPYpD05MsGiflgaoH61CkqkplIZAy",
              "SILA_BG_AUTH_EMAIL": "stanimirsergev159@gmail.com",
              "SILA_BG_AUTH_PASSWORD": "bymejuh",
              "SPEEDY_API_PASSWORD": "6625235775",
              "SPEEDY_API_USERNAME": "1995900",
              "USER_FRONTEND_BASE_URL": "https://gymfitbulgaria.azurewebsites.net/"
            },
            "auth_settings": [],
            "auth_settings_v2": [],
            "backup": [],
            "client_affinity_enabled": false,
            "client_certificate_enabled": false,
            "client_certificate_exclusion_paths": "",
            "client_certificate_mode": "Required",
            "connection_string": [],
            "custom_domain_verification_id": "6EF228F85CB2DBB96618654C25B01B1B59D8F9004F04DB6C5BB665BB1C16AE45",
            "default_hostname": "gymfitbulgaria-api.azurewebsites.net",
            "enabled": true,
            "ftp_publish_basic_authentication_enabled": true,
            "hosting_environment_id": "",
            "https_only": false,
            "id": "/subscriptions/214be358-e4cb-434f-b300-aceef5abd2f3/resourceGroups/RG-BS/providers/Microsoft.Web/sites/gymfitbulgaria-api",
            "identity": [],
            "kind": "app",
            "location": "northeurope",
            "logs": [],
            "name": "gymfitbulgaria-api",
            "outbound_ip_address_list": [
              "20.82.157.242",
              "20.82.158.52",
              "20.82.158.67",
              "20.82.158.112",
              "20.82.158.126",
              "20.82.158.130",
              "20.93.80.207",
              "20.93.80.243",
              "20.93.81.8",
              "20.93.81.36",
              "20.93.81.74",
              "20.93.81.100",
              "20.93.81.103",
              "20.82.156.252",
              "20.93.81.192",
              "20.93.82.16",
              "20.93.82.72",
              "20.93.82.76",
              "20.107.224.57"
            ],
            "outbound_ip_addresses": "20.82.157.242,20.82.158.52,20.82.158.67,20.82.158.112,20.82.158.126,20.82.158.130,20.93.80.207,20.93.80.243,20.93.81.8,20.93.81.36,20.93.81.74,20.93.81.100,20.93.81.103,20.82.156.252,20.93.81.192,20.93.82.16,20.93.82.72,20.93.82.76,20.107.224.57",
            "possible_outbound_ip_address_list": [
              "20.82.157.242",
              "20.82.158.52",
              "20.82.158.67",
              "20.82.158.112",
              "20.82.158.126",
              "20.82.158.130",
              "20.93.80.207",
              "20.93.80.243",
              "20.93.81.8",
              "20.93.81.36",
              "20.93.81.74",
              "20.93.81.100",
              "20.93.81.103",
              "20.82.156.252",
              "20.93.81.192",
              "20.93.82.16",
              "20.93.82.72",
              "20.93.82.76",
              "20.82.158.145",
              "20.82.158.160",
              "20.82.158.174",
              "20.82.158.194",
              "20.82.159.61",
              "20.82.159.77",
              "20.82.159.83",
              "20.82.159.156",
              "20.82.159.168",
              "20.82.159.208",
              "20.82.159.220",
              "20.93.80.21",
              "20.93.80.64",
              "20.93.80.100",
              "20.93.80.112",
              "20.93.80.120",
              "20.93.80.153",
              "20.93.80.158",
              "20.93.80.207",
              "20.93.80.243",
              "20.93.81.8",
              "20.93.81.36",
              "20.93.81.74",
              "20.93.81.100",
              "20.93.81.103",
              "20.82.156.252",
              "20.93.81.192",
              "20.93.82.16",
              "20.93.82.72",
              "20.93.82.76",
              "20.93.85.169",
              "20.93.85.188",
              "20.93.85.205",
              "20.93.85.226",
              "20.93.86.20",
              "20.93.86.76",
              "20.107.224.57"
            ],
            "possible_outbound_ip_addresses": "20.82.157.242,20.82.158.52,20.82.158.67,20.82.158.112,20.82.158.126,20.82.158.130,20.93.80.207,20.93.80.243,20.93.81.8,20.93.81.36,20.93.81.74,20.93.81.100,20.93.81.103,20.82.156.252,20.93.81.192,20.93.82.16,20.93.82.72,20.93.82.76,20.82.158.145,20.82.158.160,20.82.158.174,20.82.158.194,20.82.159.61,20.82.159.77,20.82.159.83,20.82.159.156,20.82.159.168,20.82.159.208,20.82.159.220,20.93.80.21,20.93.80.64,20.93.80.100,20.93.80.112,20.93.80.120,20.93.80.153,20.93.80.158,20.93.80.207,20.93.80.243,20.93.81.8,20.93.81.36,20.93.81.74,20.93.81.100,20.93.81.103,20.82.156.252,20.93.81.192,20.93.82.16,20.93.82.72,20.93.82.76,20.93.85.169,20.93.85.188,20.93.85.205,20.93.85.226,20.93.86.20,20.93.86.76,20.107.224.57",
            "public_network_access_enabled": true,
            "resource_group_name": "RG-BS",
            "service_plan_id": "/subscriptions/214be358-e4cb-434f-b300-aceef5abd2f3/resourceGroups/RG-BS/providers/Microsoft.Web/serverFarms/ASP-BS",
            "site_config": [],
            "site_credential": [
              {
                "name": "$gymfitbulgaria-api",
                "password": "ch5ujikhMsitDq7w9l1Ghr1wpD38lBntj32lrqeXHamN8xfuX8eeLfP6az9H"
              }
            ],
            "sticky_settings": [],
            "storage_account": [],
            "tags": {},
            "timeouts": null,
            "virtual_network_subnet_id": "",
            "webdeploy_publish_basic_authentication_enabled": true
          },
          "sensitive_attributes": []
        }
      ]
    },
    {
      "mode": "managed",
      "type": "azurerm_postgresql_flexible_server_firewall_rule",
      "name": "firewall_rules",
      "provider": "provider[\"registry.terraform.io/hashicorp/azurerm\"]",
      "instances": [
        {
          "index_key": 0,
          "schema_version": 0,
          "attributes": {
            "end_ip_address": "20.82.157.242",
            "id": "/subscriptions/214be358-e4cb-434f-b300-aceef5abd2f3/resourceGroups/RG-PGSQLFS/providers/Microsoft.DBforPostgreSQL/flexibleServers/apfs-bssns99/firewallRules/fw-rule-0",
            "name": "fw-rule-0",
            "server_id": "/subscriptions/214be358-e4cb-434f-b300-aceef5abd2f3/resourceGroups/RG-PGSQLFS/providers/Microsoft.DBforPostgreSQL/flexibleServers/apfs-bssns99",
            "start_ip_address": "20.82.157.242",
            "timeouts": null
          },
          "sensitive_attributes": [],
          "private": "eyJlMmJmYjczMC1lY2FhLTExZTYtOGY4OC0zNDM2M2JjN2M0YzAiOnsiY3JlYXRlIjoxODAwMDAwMDAwMDAwLCJkZWxldGUiOjE4MDAwMDAwMDAwMDAsInJlYWQiOjMwMDAwMDAwMDAwMCwidXBkYXRlIjoxODAwMDAwMDAwMDAwfX0=",
          "dependencies": [
            "data.azurerm_postgresql_flexible_server.pgsql_server",
            "data.azurerm_windows_web_app.web_app"
          ]
        },
        {
          "index_key": 1,
          "schema_version": 0,
          "attributes": {
            "end_ip_address": "20.82.158.52",
            "id": "/subscriptions/214be358-e4cb-434f-b300-aceef5abd2f3/resourceGroups/RG-PGSQLFS/providers/Microsoft.DBforPostgreSQL/flexibleServers/apfs-bssns99/firewallRules/fw-rule-1",
            "name": "fw-rule-1",
            "server_id": "/subscriptions/214be358-e4cb-434f-b300-aceef5abd2f3/resourceGroups/RG-PGSQLFS/providers/Microsoft.DBforPostgreSQL/flexibleServers/apfs-bssns99",
            "start_ip_address": "20.82.158.52",
            "timeouts": null
          },
          "sensitive_attributes": [],
          "private": "eyJlMmJmYjczMC1lY2FhLTExZTYtOGY4OC0zNDM2M2JjN2M0YzAiOnsiY3JlYXRlIjoxODAwMDAwMDAwMDAwLCJkZWxldGUiOjE4MDAwMDAwMDAwMDAsInJlYWQiOjMwMDAwMDAwMDAwMCwidXBkYXRlIjoxODAwMDAwMDAwMDAwfX0=",
          "dependencies": [
            "data.azurerm_postgresql_flexible_server.pgsql_server",
            "data.azurerm_windows_web_app.web_app"
          ]
        },
        {
          "index_key": 2,
          "schema_version": 0,
          "attributes": {
            "end_ip_address": "20.82.158.67",
            "id": "/subscriptions/214be358-e4cb-434f-b300-aceef5abd2f3/resourceGroups/RG-PGSQLFS/providers/Microsoft.DBforPostgreSQL/flexibleServers/apfs-bssns99/firewallRules/fw-rule-2",
            "name": "fw-rule-2",
            "server_id": "/subscriptions/214be358-e4cb-434f-b300-aceef5abd2f3/resourceGroups/RG-PGSQLFS/providers/Microsoft.DBforPostgreSQL/flexibleServers/apfs-bssns99",
            "start_ip_address": "20.82.158.67",
            "timeouts": null
          },
          "sensitive_attributes": [],
          "private": "eyJlMmJmYjczMC1lY2FhLTExZTYtOGY4OC0zNDM2M2JjN2M0YzAiOnsiY3JlYXRlIjoxODAwMDAwMDAwMDAwLCJkZWxldGUiOjE4MDAwMDAwMDAwMDAsInJlYWQiOjMwMDAwMDAwMDAwMCwidXBkYXRlIjoxODAwMDAwMDAwMDAwfX0=",
          "dependencies": [
            "data.azurerm_postgresql_flexible_server.pgsql_server",
            "data.azurerm_windows_web_app.web_app"
          ]
        },
        {
          "index_key": 3,
          "schema_version": 0,
          "attributes": {
            "end_ip_address": "20.82.158.112",
            "id": "/subscriptions/214be358-e4cb-434f-b300-aceef5abd2f3/resourceGroups/RG-PGSQLFS/providers/Microsoft.DBforPostgreSQL/flexibleServers/apfs-bssns99/firewallRules/fw-rule-3",
            "name": "fw-rule-3",
            "server_id": "/subscriptions/214be358-e4cb-434f-b300-aceef5abd2f3/resourceGroups/RG-PGSQLFS/providers/Microsoft.DBforPostgreSQL/flexibleServers/apfs-bssns99",
            "start_ip_address": "20.82.158.112",
            "timeouts": null
          },
          "sensitive_attributes": [],
          "private": "eyJlMmJmYjczMC1lY2FhLTExZTYtOGY4OC0zNDM2M2JjN2M0YzAiOnsiY3JlYXRlIjoxODAwMDAwMDAwMDAwLCJkZWxldGUiOjE4MDAwMDAwMDAwMDAsInJlYWQiOjMwMDAwMDAwMDAwMCwidXBkYXRlIjoxODAwMDAwMDAwMDAwfX0=",
          "dependencies": [
            "data.azurerm_postgresql_flexible_server.pgsql_server",
            "data.azurerm_windows_web_app.web_app"
          ]
        },
        {
          "index_key": 4,
          "schema_version": 0,
          "attributes": {
            "end_ip_address": "20.82.158.126",
            "id": "/subscriptions/214be358-e4cb-434f-b300-aceef5abd2f3/resourceGroups/RG-PGSQLFS/providers/Microsoft.DBforPostgreSQL/flexibleServers/apfs-bssns99/firewallRules/fw-rule-4",
            "name": "fw-rule-4",
            "server_id": "/subscriptions/214be358-e4cb-434f-b300-aceef5abd2f3/resourceGroups/RG-PGSQLFS/providers/Microsoft.DBforPostgreSQL/flexibleServers/apfs-bssns99",
            "start_ip_address": "20.82.158.126",
            "timeouts": null
          },
          "sensitive_attributes": [],
          "private": "eyJlMmJmYjczMC1lY2FhLTExZTYtOGY4OC0zNDM2M2JjN2M0YzAiOnsiY3JlYXRlIjoxODAwMDAwMDAwMDAwLCJkZWxldGUiOjE4MDAwMDAwMDAwMDAsInJlYWQiOjMwMDAwMDAwMDAwMCwidXBkYXRlIjoxODAwMDAwMDAwMDAwfX0=",
          "dependencies": [
            "data.azurerm_postgresql_flexible_server.pgsql_server",
            "data.azurerm_windows_web_app.web_app"
          ]
        },
        {
          "index_key": 5,
          "schema_version": 0,
          "attributes": {
            "end_ip_address": "20.82.158.130",
            "id": "/subscriptions/214be358-e4cb-434f-b300-aceef5abd2f3/resourceGroups/RG-PGSQLFS/providers/Microsoft.DBforPostgreSQL/flexibleServers/apfs-bssns99/firewallRules/fw-rule-5",
            "name": "fw-rule-5",
            "server_id": "/subscriptions/214be358-e4cb-434f-b300-aceef5abd2f3/resourceGroups/RG-PGSQLFS/providers/Microsoft.DBforPostgreSQL/flexibleServers/apfs-bssns99",
            "start_ip_address": "20.82.158.130",
            "timeouts": null
          },
          "sensitive_attributes": [],
          "private": "eyJlMmJmYjczMC1lY2FhLTExZTYtOGY4OC0zNDM2M2JjN2M0YzAiOnsiY3JlYXRlIjoxODAwMDAwMDAwMDAwLCJkZWxldGUiOjE4MDAwMDAwMDAwMDAsInJlYWQiOjMwMDAwMDAwMDAwMCwidXBkYXRlIjoxODAwMDAwMDAwMDAwfX0=",
          "dependencies": [
            "data.azurerm_postgresql_flexible_server.pgsql_server",
            "data.azurerm_windows_web_app.web_app"
          ]
        },
        {
          "index_key": 6,
          "schema_version": 0,
          "attributes": {
            "end_ip_address": "20.93.80.207",
            "id": "/subscriptions/214be358-e4cb-434f-b300-aceef5abd2f3/resourceGroups/RG-PGSQLFS/providers/Microsoft.DBforPostgreSQL/flexibleServers/apfs-bssns99/firewallRules/fw-rule-6",
            "name": "fw-rule-6",
            "server_id": "/subscriptions/214be358-e4cb-434f-b300-aceef5abd2f3/resourceGroups/RG-PGSQLFS/providers/Microsoft.DBforPostgreSQL/flexibleServers/apfs-bssns99",
            "start_ip_address": "20.93.80.207",
            "timeouts": null
          },
          "sensitive_attributes": [],
          "private": "eyJlMmJmYjczMC1lY2FhLTExZTYtOGY4OC0zNDM2M2JjN2M0YzAiOnsiY3JlYXRlIjoxODAwMDAwMDAwMDAwLCJkZWxldGUiOjE4MDAwMDAwMDAwMDAsInJlYWQiOjMwMDAwMDAwMDAwMCwidXBkYXRlIjoxODAwMDAwMDAwMDAwfX0=",
          "dependencies": [
            "data.azurerm_postgresql_flexible_server.pgsql_server",
            "data.azurerm_windows_web_app.web_app"
          ]
        },
        {
          "index_key": 7,
          "schema_version": 0,
          "attributes": {
            "end_ip_address": "20.93.80.243",
            "id": "/subscriptions/214be358-e4cb-434f-b300-aceef5abd2f3/resourceGroups/RG-PGSQLFS/providers/Microsoft.DBforPostgreSQL/flexibleServers/apfs-bssns99/firewallRules/fw-rule-7",
            "name": "fw-rule-7",
            "server_id": "/subscriptions/214be358-e4cb-434f-b300-aceef5abd2f3/resourceGroups/RG-PGSQLFS/providers/Microsoft.DBforPostgreSQL/flexibleServers/apfs-bssns99",
            "start_ip_address": "20.93.80.243",
            "timeouts": null
          },
          "sensitive_attributes": [],
          "private": "eyJlMmJmYjczMC1lY2FhLTExZTYtOGY4OC0zNDM2M2JjN2M0YzAiOnsiY3JlYXRlIjoxODAwMDAwMDAwMDAwLCJkZWxldGUiOjE4MDAwMDAwMDAwMDAsInJlYWQiOjMwMDAwMDAwMDAwMCwidXBkYXRlIjoxODAwMDAwMDAwMDAwfX0=",
          "dependencies": [
            "data.azurerm_postgresql_flexible_server.pgsql_server",
            "data.azurerm_windows_web_app.web_app"
          ]
        },
        {
          "index_key": 8,
          "schema_version": 0,
          "attributes": {
            "end_ip_address": "20.93.81.8",
            "id": "/subscriptions/214be358-e4cb-434f-b300-aceef5abd2f3/resourceGroups/RG-PGSQLFS/providers/Microsoft.DBforPostgreSQL/flexibleServers/apfs-bssns99/firewallRules/fw-rule-8",
            "name": "fw-rule-8",
            "server_id": "/subscriptions/214be358-e4cb-434f-b300-aceef5abd2f3/resourceGroups/RG-PGSQLFS/providers/Microsoft.DBforPostgreSQL/flexibleServers/apfs-bssns99",
            "start_ip_address": "20.93.81.8",
            "timeouts": null
          },
          "sensitive_attributes": [],
          "private": "eyJlMmJmYjczMC1lY2FhLTExZTYtOGY4OC0zNDM2M2JjN2M0YzAiOnsiY3JlYXRlIjoxODAwMDAwMDAwMDAwLCJkZWxldGUiOjE4MDAwMDAwMDAwMDAsInJlYWQiOjMwMDAwMDAwMDAwMCwidXBkYXRlIjoxODAwMDAwMDAwMDAwfX0=",
          "dependencies": [
            "data.azurerm_postgresql_flexible_server.pgsql_server",
            "data.azurerm_windows_web_app.web_app"
          ]
        },
        {
          "index_key": 9,
          "schema_version": 0,
          "attributes": {
            "end_ip_address": "20.93.81.36",
            "id": "/subscriptions/214be358-e4cb-434f-b300-aceef5abd2f3/resourceGroups/RG-PGSQLFS/providers/Microsoft.DBforPostgreSQL/flexibleServers/apfs-bssns99/firewallRules/fw-rule-9",
            "name": "fw-rule-9",
            "server_id": "/subscriptions/214be358-e4cb-434f-b300-aceef5abd2f3/resourceGroups/RG-PGSQLFS/providers/Microsoft.DBforPostgreSQL/flexibleServers/apfs-bssns99",
            "start_ip_address": "20.93.81.36",
            "timeouts": null
          },
          "sensitive_attributes": [],
          "private": "eyJlMmJmYjczMC1lY2FhLTExZTYtOGY4OC0zNDM2M2JjN2M0YzAiOnsiY3JlYXRlIjoxODAwMDAwMDAwMDAwLCJkZWxldGUiOjE4MDAwMDAwMDAwMDAsInJlYWQiOjMwMDAwMDAwMDAwMCwidXBkYXRlIjoxODAwMDAwMDAwMDAwfX0=",
          "dependencies": [
            "data.azurerm_postgresql_flexible_server.pgsql_server",
            "data.azurerm_windows_web_app.web_app"
          ]
        },
        {
          "index_key": 10,
          "schema_version": 0,
          "attributes": {
            "end_ip_address": "20.93.81.74",
            "id": "/subscriptions/214be358-e4cb-434f-b300-aceef5abd2f3/resourceGroups/RG-PGSQLFS/providers/Microsoft.DBforPostgreSQL/flexibleServers/apfs-bssns99/firewallRules/fw-rule-10",
            "name": "fw-rule-10",
            "server_id": "/subscriptions/214be358-e4cb-434f-b300-aceef5abd2f3/resourceGroups/RG-PGSQLFS/providers/Microsoft.DBforPostgreSQL/flexibleServers/apfs-bssns99",
            "start_ip_address": "20.93.81.74",
            "timeouts": null
          },
          "sensitive_attributes": [],
          "private": "eyJlMmJmYjczMC1lY2FhLTExZTYtOGY4OC0zNDM2M2JjN2M0YzAiOnsiY3JlYXRlIjoxODAwMDAwMDAwMDAwLCJkZWxldGUiOjE4MDAwMDAwMDAwMDAsInJlYWQiOjMwMDAwMDAwMDAwMCwidXBkYXRlIjoxODAwMDAwMDAwMDAwfX0=",
          "dependencies": [
            "data.azurerm_postgresql_flexible_server.pgsql_server",
            "data.azurerm_windows_web_app.web_app"
          ]
        },
        {
          "index_key": 11,
          "schema_version": 0,
          "attributes": {
            "end_ip_address": "20.93.81.100",
            "id": "/subscriptions/214be358-e4cb-434f-b300-aceef5abd2f3/resourceGroups/RG-PGSQLFS/providers/Microsoft.DBforPostgreSQL/flexibleServers/apfs-bssns99/firewallRules/fw-rule-11",
            "name": "fw-rule-11",
            "server_id": "/subscriptions/214be358-e4cb-434f-b300-aceef5abd2f3/resourceGroups/RG-PGSQLFS/providers/Microsoft.DBforPostgreSQL/flexibleServers/apfs-bssns99",
            "start_ip_address": "20.93.81.100",
            "timeouts": null
          },
          "sensitive_attributes": [],
          "private": "eyJlMmJmYjczMC1lY2FhLTExZTYtOGY4OC0zNDM2M2JjN2M0YzAiOnsiY3JlYXRlIjoxODAwMDAwMDAwMDAwLCJkZWxldGUiOjE4MDAwMDAwMDAwMDAsInJlYWQiOjMwMDAwMDAwMDAwMCwidXBkYXRlIjoxODAwMDAwMDAwMDAwfX0=",
          "dependencies": [
            "data.azurerm_postgresql_flexible_server.pgsql_server",
            "data.azurerm_windows_web_app.web_app"
          ]
        },
        {
          "index_key": 12,
          "schema_version": 0,
          "attributes": {
            "end_ip_address": "20.93.81.103",
            "id": "/subscriptions/214be358-e4cb-434f-b300-aceef5abd2f3/resourceGroups/RG-PGSQLFS/providers/Microsoft.DBforPostgreSQL/flexibleServers/apfs-bssns99/firewallRules/fw-rule-12",
            "name": "fw-rule-12",
            "server_id": "/subscriptions/214be358-e4cb-434f-b300-aceef5abd2f3/resourceGroups/RG-PGSQLFS/providers/Microsoft.DBforPostgreSQL/flexibleServers/apfs-bssns99",
            "start_ip_address": "20.93.81.103",
            "timeouts": null
          },
          "sensitive_attributes": [],
          "private": "eyJlMmJmYjczMC1lY2FhLTExZTYtOGY4OC0zNDM2M2JjN2M0YzAiOnsiY3JlYXRlIjoxODAwMDAwMDAwMDAwLCJkZWxldGUiOjE4MDAwMDAwMDAwMDAsInJlYWQiOjMwMDAwMDAwMDAwMCwidXBkYXRlIjoxODAwMDAwMDAwMDAwfX0=",
          "dependencies": [
            "data.azurerm_postgresql_flexible_server.pgsql_server",
            "data.azurerm_windows_web_app.web_app"
          ]
        },
        {
          "index_key": 13,
          "schema_version": 0,
          "attributes": {
            "end_ip_address": "20.82.156.252",
            "id": "/subscriptions/214be358-e4cb-434f-b300-aceef5abd2f3/resourceGroups/RG-PGSQLFS/providers/Microsoft.DBforPostgreSQL/flexibleServers/apfs-bssns99/firewallRules/fw-rule-13",
            "name": "fw-rule-13",
            "server_id": "/subscriptions/214be358-e4cb-434f-b300-aceef5abd2f3/resourceGroups/RG-PGSQLFS/providers/Microsoft.DBforPostgreSQL/flexibleServers/apfs-bssns99",
            "start_ip_address": "20.82.156.252",
            "timeouts": null
          },
          "sensitive_attributes": [],
          "private": "eyJlMmJmYjczMC1lY2FhLTExZTYtOGY4OC0zNDM2M2JjN2M0YzAiOnsiY3JlYXRlIjoxODAwMDAwMDAwMDAwLCJkZWxldGUiOjE4MDAwMDAwMDAwMDAsInJlYWQiOjMwMDAwMDAwMDAwMCwidXBkYXRlIjoxODAwMDAwMDAwMDAwfX0=",
          "dependencies": [
            "data.azurerm_postgresql_flexible_server.pgsql_server",
            "data.azurerm_windows_web_app.web_app"
          ]
        },
        {
          "index_key": 14,
          "schema_version": 0,
          "attributes": {
            "end_ip_address": "20.93.81.192",
            "id": "/subscriptions/214be358-e4cb-434f-b300-aceef5abd2f3/resourceGroups/RG-PGSQLFS/providers/Microsoft.DBforPostgreSQL/flexibleServers/apfs-bssns99/firewallRules/fw-rule-14",
            "name": "fw-rule-14",
            "server_id": "/subscriptions/214be358-e4cb-434f-b300-aceef5abd2f3/resourceGroups/RG-PGSQLFS/providers/Microsoft.DBforPostgreSQL/flexibleServers/apfs-bssns99",
            "start_ip_address": "20.93.81.192",
            "timeouts": null
          },
          "sensitive_attributes": [],
          "private": "eyJlMmJmYjczMC1lY2FhLTExZTYtOGY4OC0zNDM2M2JjN2M0YzAiOnsiY3JlYXRlIjoxODAwMDAwMDAwMDAwLCJkZWxldGUiOjE4MDAwMDAwMDAwMDAsInJlYWQiOjMwMDAwMDAwMDAwMCwidXBkYXRlIjoxODAwMDAwMDAwMDAwfX0=",
          "dependencies": [
            "data.azurerm_postgresql_flexible_server.pgsql_server",
            "data.azurerm_windows_web_app.web_app"
          ]
        },
        {
          "index_key": 15,
          "schema_version": 0,
          "attributes": {
            "end_ip_address": "20.93.82.16",
            "id": "/subscriptions/214be358-e4cb-434f-b300-aceef5abd2f3/resourceGroups/RG-PGSQLFS/providers/Microsoft.DBforPostgreSQL/flexibleServers/apfs-bssns99/firewallRules/fw-rule-15",
            "name": "fw-rule-15",
            "server_id": "/subscriptions/214be358-e4cb-434f-b300-aceef5abd2f3/resourceGroups/RG-PGSQLFS/providers/Microsoft.DBforPostgreSQL/flexibleServers/apfs-bssns99",
            "start_ip_address": "20.93.82.16",
            "timeouts": null
          },
          "sensitive_attributes": [],
          "private": "eyJlMmJmYjczMC1lY2FhLTExZTYtOGY4OC0zNDM2M2JjN2M0YzAiOnsiY3JlYXRlIjoxODAwMDAwMDAwMDAwLCJkZWxldGUiOjE4MDAwMDAwMDAwMDAsInJlYWQiOjMwMDAwMDAwMDAwMCwidXBkYXRlIjoxODAwMDAwMDAwMDAwfX0=",
          "dependencies": [
            "data.azurerm_postgresql_flexible_server.pgsql_server",
            "data.azurerm_windows_web_app.web_app"
          ]
        },
        {
          "index_key": 16,
          "schema_version": 0,
          "attributes": {
            "end_ip_address": "20.93.82.72",
            "id": "/subscriptions/214be358-e4cb-434f-b300-aceef5abd2f3/resourceGroups/RG-PGSQLFS/providers/Microsoft.DBforPostgreSQL/flexibleServers/apfs-bssns99/firewallRules/fw-rule-16",
            "name": "fw-rule-16",
            "server_id": "/subscriptions/214be358-e4cb-434f-b300-aceef5abd2f3/resourceGroups/RG-PGSQLFS/providers/Microsoft.DBforPostgreSQL/flexibleServers/apfs-bssns99",
            "start_ip_address": "20.93.82.72",
            "timeouts": null
          },
          "sensitive_attributes": [],
          "private": "eyJlMmJmYjczMC1lY2FhLTExZTYtOGY4OC0zNDM2M2JjN2M0YzAiOnsiY3JlYXRlIjoxODAwMDAwMDAwMDAwLCJkZWxldGUiOjE4MDAwMDAwMDAwMDAsInJlYWQiOjMwMDAwMDAwMDAwMCwidXBkYXRlIjoxODAwMDAwMDAwMDAwfX0=",
          "dependencies": [
            "data.azurerm_postgresql_flexible_server.pgsql_server",
            "data.azurerm_windows_web_app.web_app"
          ]
        },
        {
          "index_key": 17,
          "schema_version": 0,
          "attributes": {
            "end_ip_address": "20.93.82.76",
            "id": "/subscriptions/214be358-e4cb-434f-b300-aceef5abd2f3/resourceGroups/RG-PGSQLFS/providers/Microsoft.DBforPostgreSQL/flexibleServers/apfs-bssns99/firewallRules/fw-rule-17",
            "name": "fw-rule-17",
            "server_id": "/subscriptions/214be358-e4cb-434f-b300-aceef5abd2f3/resourceGroups/RG-PGSQLFS/providers/Microsoft.DBforPostgreSQL/flexibleServers/apfs-bssns99",
            "start_ip_address": "20.93.82.76",
            "timeouts": null
          },
          "sensitive_attributes": [],
          "private": "eyJlMmJmYjczMC1lY2FhLTExZTYtOGY4OC0zNDM2M2JjN2M0YzAiOnsiY3JlYXRlIjoxODAwMDAwMDAwMDAwLCJkZWxldGUiOjE4MDAwMDAwMDAwMDAsInJlYWQiOjMwMDAwMDAwMDAwMCwidXBkYXRlIjoxODAwMDAwMDAwMDAwfX0=",
          "dependencies": [
            "data.azurerm_postgresql_flexible_server.pgsql_server",
            "data.azurerm_windows_web_app.web_app"
          ]
        },
        {
          "index_key": 18,
          "schema_version": 0,
          "attributes": {
            "end_ip_address": "20.107.224.57",
            "id": "/subscriptions/214be358-e4cb-434f-b300-aceef5abd2f3/resourceGroups/RG-PGSQLFS/providers/Microsoft.DBforPostgreSQL/flexibleServers/apfs-bssns99/firewallRules/fw-rule-18",
            "name": "fw-rule-18",
            "server_id": "/subscriptions/214be358-e4cb-434f-b300-aceef5abd2f3/resourceGroups/RG-PGSQLFS/providers/Microsoft.DBforPostgreSQL/flexibleServers/apfs-bssns99",
            "start_ip_address": "20.107.224.57",
            "timeouts": null
          },
          "sensitive_attributes": [],
          "private": "eyJlMmJmYjczMC1lY2FhLTExZTYtOGY4OC0zNDM2M2JjN2M0YzAiOnsiY3JlYXRlIjoxODAwMDAwMDAwMDAwLCJkZWxldGUiOjE4MDAwMDAwMDAwMDAsInJlYWQiOjMwMDAwMDAwMDAwMCwidXBkYXRlIjoxODAwMDAwMDAwMDAwfX0=",
          "dependencies": [
            "data.azurerm_postgresql_flexible_server.pgsql_server",
            "data.azurerm_windows_web_app.web_app"
          ]
        }
      ]
    }
  ],
  "check_results": null
}
