{
  "version": 4,
  "terraform_version": "1.3.7",
  "serial": 37,
  "lineage": "b38d866f-e2dc-b708-9eab-6964d18bb49c",
  "outputs": {},
  "resources": [
    {
      "mode": "data",
      "type": "azurerm_postgresql_flexible_server",
      "name": "pgsql_server",
      "provider": "provider[\"registry.terraform.io/hashicorp/azurerm\"]",
      "instances": [
        {
          "schema_version": 0,
          "attributes": {
            "administrator_login": "psqladmin",
            "auto_grow_enabled": false,
            "backup_retention_days": 7,
            "delegated_subnet_id": "",
            "fqdn": "apfs-bssns99.postgres.database.azure.com",
            "id": "/subscriptions/214be358-e4cb-434f-b300-aceef5abd2f3/resourceGroups/RG-PGSQLFS/providers/Microsoft.DBforPostgreSQL/flexibleServers/apfs-bssns99",
            "location": "northeurope",
            "name": "apfs-bssns99",
            "public_network_access_enabled": true,
            "resource_group_name": "RG-PGSQLFS",
            "sku_name": "B_Standard_B1ms",
            "storage_mb": 32768,
            "tags": {},
            "timeouts": null,
            "version": "16"
          },
          "sensitive_attributes": []
        }
      ]
    },
    {
      "mode": "data",
      "type": "azurerm_windows_web_app",
      "name": "web_app",
      "provider": "provider[\"registry.terraform.io/hashicorp/azurerm\"]",
      "instances": [
        {
          "schema_version": 0,
          "attributes": {
            "app_settings": {
              "ADMIN_AUTH_LOGIN_PASSWORD": "admin",
              "ADMIN_AUTH_LOGIN_USERNAME": "admin",
              "ADMIN_FRONTEND_BASE_URL": "*",
              "APP_JWT_EXPIRATION_MILISECONDS": "86400000",
              "APP_JWT_SECRECT": "daf66e01593f61a15b857cf433aae03a005812b31234e149036bcc8dee755dbb",
              "DB_HOST": "apfs-bssns99.postgres.database.azure.com",
              "DB_NAME": "gymfitdb",
              "DB_PASSWORD": "H@Sh1CoR3!",
              "DB_PORT": "5432",
              "DB_USERNAME": "psqladmin",
              "EMAIL_HOST": "smtp.gmail.com",
              "EMAIL_ORIGIN": "gymfitbulgaria@gmail.com",
              "EMAIL_PASSWORD": "iefn yzqo tpej keuy",
              "EMAIL_PORT": "587",
              "EMAIL_PROPS_KEY_ONE": "mail.smtp.starttls.enable",
              "EMAIL_PROPS_KEY_THREE": "mail.smtp.ssl.trust",
              "EMAIL_PROPS_KEY_TWO": "mail.smtp.auth",
              "EMAIL_PROPS_VALUE_ONE": "true",
              "EMAIL_PROPS_VALUE_THREE": "smtp.gmail.com",
              "EMAIL_PROPS_VALUE_TWO": "true",
              "SILA_BG_API_KEY": "Y1nVBIx7QV7aSlHyf1xHXdEmr3G4b64U3b1PCpFR0CfXUGRa64SFPYpD05MsGiflgaoH61CkqkplIZAy",
              "SILA_BG_AUTH_EMAIL": "stanimirsergev159@gmail.com",
              "SILA_BG_AUTH_PASSWORD": "bymejuh",
              "SPEEDY_API_PASSWORD": "6625235775",
              "SPEEDY_API_USERNAME": "1995900",
              "USER_FRONTEND_BASE_URL": "https://gymfitbulgaria.azurewebsites.net/"
            },
            "auth_settings": [],
            "auth_settings_v2": [],
            "backup": [],
            "client_affinity_enabled": false,
            "client_certificate_enabled": false,
            "client_certificate_exclusion_paths": "",
            "client_certificate_mode": "Required",
            "connection_string": [],
            "custom_domain_verification_id": "6EF228F85CB2DBB96618654C25B01B1B59D8F9004F04DB6C5BB665BB1C16AE45",
            "default_hostname": "gymfitbulgaria-api.azurewebsites.net",
            "enabled": true,
            "ftp_publish_basic_authentication_enabled": true,
            "hosting_environment_id": "",
            "https_only": false,
            "id": "/subscriptions/214be358-e4cb-434f-b300-aceef5abd2f3/resourceGroups/RG-BS/providers/Microsoft.Web/sites/gymfitbulgaria-api",
            "identity": [],
            "kind": "app",
            "location": "northeurope",
            "logs": [],
            "name": "gymfitbulgaria-api",
            "outbound_ip_address_list": [
              "20.82.203.67",
              "20.82.203.70",
              "20.82.203.83",
              "20.82.203.84",
              "20.82.203.97",
              "20.82.203.125",
              "20.50.64.14"
            ],
            "outbound_ip_addresses": "20.82.203.67,20.82.203.70,20.82.203.83,20.82.203.84,20.82.203.97,20.82.203.125,20.50.64.14",
            "possible_outbound_ip_address_list": [
              "20.82.203.67",
              "20.82.203.70",
              "20.82.203.83",
              "20.82.203.84",
              "20.82.203.97",
              "20.82.203.125",
              "20.82.203.130",
              "20.82.201.21",
              "20.82.203.164",
              "20.82.203.185",
              "20.82.203.41",
              "20.82.203.191",
              "20.82.203.201",
              "20.82.203.217",
              "20.82.204.60",
              "20.82.204.62",
              "20.82.200.130",
              "20.82.200.131",
              "20.82.201.132",
              "20.82.201.133",
              "20.82.201.254",
              "20.82.201.255",
              "52.142.80.75",
              "52.142.80.200",
              "52.142.80.248",
              "52.142.81.85",
              "52.142.81.99",
              "52.142.81.119",
              "52.142.81.128",
              "52.142.82.14",
              "20.50.64.14"
            ],
            "possible_outbound_ip_addresses": "20.82.203.67,20.82.203.70,20.82.203.83,20.82.203.84,20.82.203.97,20.82.203.125,20.82.203.130,20.82.201.21,20.82.203.164,20.82.203.185,20.82.203.41,20.82.203.191,20.82.203.201,20.82.203.217,20.82.204.60,20.82.204.62,20.82.200.130,20.82.200.131,20.82.201.132,20.82.201.133,20.82.201.254,20.82.201.255,52.142.80.75,52.142.80.200,52.142.80.248,52.142.81.85,52.142.81.99,52.142.81.119,52.142.81.128,52.142.82.14,20.50.64.14",
            "public_network_access_enabled": true,
            "resource_group_name": "RG-BS",
            "service_plan_id": "/subscriptions/214be358-e4cb-434f-b300-aceef5abd2f3/resourceGroups/RG-BS/providers/Microsoft.Web/serverFarms/ASP-BS",
            "site_config": [],
            "site_credential": [
              {
                "name": "$gymfitbulgaria-api",
                "password": "WR0R5vc0MmHxMAeGhG1oJ3SL26atjlGlryarqK7HC54Cevq31bJplcdRX0lA"
              }
            ],
            "sticky_settings": [],
            "storage_account": [],
            "tags": {},
            "timeouts": null,
            "virtual_network_subnet_id": "",
            "webdeploy_publish_basic_authentication_enabled": true
          },
          "sensitive_attributes": []
        }
      ]
    },
    {
      "mode": "managed",
      "type": "azurerm_postgresql_flexible_server_firewall_rule",
      "name": "firewall_rules",
      "provider": "provider[\"registry.terraform.io/hashicorp/azurerm\"]",
      "instances": [
        {
          "index_key": 0,
          "schema_version": 0,
          "attributes": {
            "end_ip_address": "20.82.203.67",
            "id": "/subscriptions/214be358-e4cb-434f-b300-aceef5abd2f3/resourceGroups/RG-PGSQLFS/providers/Microsoft.DBforPostgreSQL/flexibleServers/apfs-bssns99/firewallRules/fw-rule-0",
            "name": "fw-rule-0",
            "server_id": "/subscriptions/214be358-e4cb-434f-b300-aceef5abd2f3/resourceGroups/RG-PGSQLFS/providers/Microsoft.DBforPostgreSQL/flexibleServers/apfs-bssns99",
            "start_ip_address": "20.82.203.67",
            "timeouts": null
          },
          "sensitive_attributes": [],
          "private": "eyJlMmJmYjczMC1lY2FhLTExZTYtOGY4OC0zNDM2M2JjN2M0YzAiOnsiY3JlYXRlIjoxODAwMDAwMDAwMDAwLCJkZWxldGUiOjE4MDAwMDAwMDAwMDAsInJlYWQiOjMwMDAwMDAwMDAwMCwidXBkYXRlIjoxODAwMDAwMDAwMDAwfX0=",
          "dependencies": [
            "data.azurerm_postgresql_flexible_server.pgsql_server",
            "data.azurerm_windows_web_app.web_app"
          ]
        },
        {
          "index_key": 1,
          "schema_version": 0,
          "attributes": {
            "end_ip_address": "20.82.203.70",
            "id": "/subscriptions/214be358-e4cb-434f-b300-aceef5abd2f3/resourceGroups/RG-PGSQLFS/providers/Microsoft.DBforPostgreSQL/flexibleServers/apfs-bssns99/firewallRules/fw-rule-1",
            "name": "fw-rule-1",
            "server_id": "/subscriptions/214be358-e4cb-434f-b300-aceef5abd2f3/resourceGroups/RG-PGSQLFS/providers/Microsoft.DBforPostgreSQL/flexibleServers/apfs-bssns99",
            "start_ip_address": "20.82.203.70",
            "timeouts": null
          },
          "sensitive_attributes": [],
          "private": "eyJlMmJmYjczMC1lY2FhLTExZTYtOGY4OC0zNDM2M2JjN2M0YzAiOnsiY3JlYXRlIjoxODAwMDAwMDAwMDAwLCJkZWxldGUiOjE4MDAwMDAwMDAwMDAsInJlYWQiOjMwMDAwMDAwMDAwMCwidXBkYXRlIjoxODAwMDAwMDAwMDAwfX0=",
          "dependencies": [
            "data.azurerm_postgresql_flexible_server.pgsql_server",
            "data.azurerm_windows_web_app.web_app"
          ]
        },
        {
          "index_key": 2,
          "schema_version": 0,
          "attributes": {
            "end_ip_address": "20.82.203.83",
            "id": "/subscriptions/214be358-e4cb-434f-b300-aceef5abd2f3/resourceGroups/RG-PGSQLFS/providers/Microsoft.DBforPostgreSQL/flexibleServers/apfs-bssns99/firewallRules/fw-rule-2",
            "name": "fw-rule-2",
            "server_id": "/subscriptions/214be358-e4cb-434f-b300-aceef5abd2f3/resourceGroups/RG-PGSQLFS/providers/Microsoft.DBforPostgreSQL/flexibleServers/apfs-bssns99",
            "start_ip_address": "20.82.203.83",
            "timeouts": null
          },
          "sensitive_attributes": [],
          "private": "eyJlMmJmYjczMC1lY2FhLTExZTYtOGY4OC0zNDM2M2JjN2M0YzAiOnsiY3JlYXRlIjoxODAwMDAwMDAwMDAwLCJkZWxldGUiOjE4MDAwMDAwMDAwMDAsInJlYWQiOjMwMDAwMDAwMDAwMCwidXBkYXRlIjoxODAwMDAwMDAwMDAwfX0=",
          "dependencies": [
            "data.azurerm_postgresql_flexible_server.pgsql_server",
            "data.azurerm_windows_web_app.web_app"
          ]
        },
        {
          "index_key": 3,
          "schema_version": 0,
          "attributes": {
            "end_ip_address": "20.82.203.84",
            "id": "/subscriptions/214be358-e4cb-434f-b300-aceef5abd2f3/resourceGroups/RG-PGSQLFS/providers/Microsoft.DBforPostgreSQL/flexibleServers/apfs-bssns99/firewallRules/fw-rule-3",
            "name": "fw-rule-3",
            "server_id": "/subscriptions/214be358-e4cb-434f-b300-aceef5abd2f3/resourceGroups/RG-PGSQLFS/providers/Microsoft.DBforPostgreSQL/flexibleServers/apfs-bssns99",
            "start_ip_address": "20.82.203.84",
            "timeouts": null
          },
          "sensitive_attributes": [],
          "private": "eyJlMmJmYjczMC1lY2FhLTExZTYtOGY4OC0zNDM2M2JjN2M0YzAiOnsiY3JlYXRlIjoxODAwMDAwMDAwMDAwLCJkZWxldGUiOjE4MDAwMDAwMDAwMDAsInJlYWQiOjMwMDAwMDAwMDAwMCwidXBkYXRlIjoxODAwMDAwMDAwMDAwfX0=",
          "dependencies": [
            "data.azurerm_postgresql_flexible_server.pgsql_server",
            "data.azurerm_windows_web_app.web_app"
          ]
        },
        {
          "index_key": 4,
          "schema_version": 0,
          "attributes": {
            "end_ip_address": "20.82.203.97",
            "id": "/subscriptions/214be358-e4cb-434f-b300-aceef5abd2f3/resourceGroups/RG-PGSQLFS/providers/Microsoft.DBforPostgreSQL/flexibleServers/apfs-bssns99/firewallRules/fw-rule-4",
            "name": "fw-rule-4",
            "server_id": "/subscriptions/214be358-e4cb-434f-b300-aceef5abd2f3/resourceGroups/RG-PGSQLFS/providers/Microsoft.DBforPostgreSQL/flexibleServers/apfs-bssns99",
            "start_ip_address": "20.82.203.97",
            "timeouts": null
          },
          "sensitive_attributes": [],
          "private": "eyJlMmJmYjczMC1lY2FhLTExZTYtOGY4OC0zNDM2M2JjN2M0YzAiOnsiY3JlYXRlIjoxODAwMDAwMDAwMDAwLCJkZWxldGUiOjE4MDAwMDAwMDAwMDAsInJlYWQiOjMwMDAwMDAwMDAwMCwidXBkYXRlIjoxODAwMDAwMDAwMDAwfX0=",
          "dependencies": [
            "data.azurerm_postgresql_flexible_server.pgsql_server",
            "data.azurerm_windows_web_app.web_app"
          ]
        },
        {
          "index_key": 5,
          "schema_version": 0,
          "attributes": {
            "end_ip_address": "20.82.203.125",
            "id": "/subscriptions/214be358-e4cb-434f-b300-aceef5abd2f3/resourceGroups/RG-PGSQLFS/providers/Microsoft.DBforPostgreSQL/flexibleServers/apfs-bssns99/firewallRules/fw-rule-5",
            "name": "fw-rule-5",
            "server_id": "/subscriptions/214be358-e4cb-434f-b300-aceef5abd2f3/resourceGroups/RG-PGSQLFS/providers/Microsoft.DBforPostgreSQL/flexibleServers/apfs-bssns99",
            "start_ip_address": "20.82.203.125",
            "timeouts": null
          },
          "sensitive_attributes": [],
          "private": "eyJlMmJmYjczMC1lY2FhLTExZTYtOGY4OC0zNDM2M2JjN2M0YzAiOnsiY3JlYXRlIjoxODAwMDAwMDAwMDAwLCJkZWxldGUiOjE4MDAwMDAwMDAwMDAsInJlYWQiOjMwMDAwMDAwMDAwMCwidXBkYXRlIjoxODAwMDAwMDAwMDAwfX0=",
          "dependencies": [
            "data.azurerm_postgresql_flexible_server.pgsql_server",
            "data.azurerm_windows_web_app.web_app"
          ]
        },
        {
          "index_key": 6,
          "schema_version": 0,
          "attributes": {
            "end_ip_address": "20.50.64.14",
            "id": "/subscriptions/214be358-e4cb-434f-b300-aceef5abd2f3/resourceGroups/RG-PGSQLFS/providers/Microsoft.DBforPostgreSQL/flexibleServers/apfs-bssns99/firewallRules/fw-rule-6",
            "name": "fw-rule-6",
            "server_id": "/subscriptions/214be358-e4cb-434f-b300-aceef5abd2f3/resourceGroups/RG-PGSQLFS/providers/Microsoft.DBforPostgreSQL/flexibleServers/apfs-bssns99",
            "start_ip_address": "20.50.64.14",
            "timeouts": null
          },
          "sensitive_attributes": [],
          "private": "eyJlMmJmYjczMC1lY2FhLTExZTYtOGY4OC0zNDM2M2JjN2M0YzAiOnsiY3JlYXRlIjoxODAwMDAwMDAwMDAwLCJkZWxldGUiOjE4MDAwMDAwMDAwMDAsInJlYWQiOjMwMDAwMDAwMDAwMCwidXBkYXRlIjoxODAwMDAwMDAwMDAwfX0=",
          "dependencies": [
            "data.azurerm_postgresql_flexible_server.pgsql_server",
            "data.azurerm_windows_web_app.web_app"
          ]
        }
      ]
    }
  ],
  "check_results": null
}
