{
  "version": 4,
  "terraform_version": "1.3.7",
  "serial": 52,
  "lineage": "b38d866f-e2dc-b708-9eab-6964d18bb49c",
  "outputs": {},
  "resources": [
    {
      "mode": "data",
      "type": "azurerm_postgresql_flexible_server",
      "name": "pgsql_server",
      "provider": "provider[\"registry.terraform.io/hashicorp/azurerm\"]",
      "instances": [
        {
          "schema_version": 0,
          "attributes": {
            "administrator_login": "psqladmin",
            "auto_grow_enabled": false,
            "backup_retention_days": 7,
            "delegated_subnet_id": "",
            "fqdn": "apfs-bssns99.postgres.database.azure.com",
            "id": "/subscriptions/214be358-e4cb-434f-b300-aceef5abd2f3/resourceGroups/RG-PGSQLFS/providers/Microsoft.DBforPostgreSQL/flexibleServers/apfs-bssns99",
            "location": "northeurope",
            "name": "apfs-bssns99",
            "public_network_access_enabled": true,
            "resource_group_name": "RG-PGSQLFS",
            "sku_name": "B_Standard_B1ms",
            "storage_mb": 32768,
            "tags": {},
            "timeouts": null,
            "version": "16"
          },
          "sensitive_attributes": []
        }
      ]
    },
    {
      "mode": "data",
      "type": "azurerm_windows_web_app",
      "name": "web_app",
      "provider": "provider[\"registry.terraform.io/hashicorp/azurerm\"]",
      "instances": [
        {
          "schema_version": 0,
          "attributes": {
            "app_settings": {
              "ADMIN_AUTH_LOGIN_PASSWORD": "admin",
              "ADMIN_AUTH_LOGIN_USERNAME": "admin",
              "ADMIN_FRONTEND_BASE_URL": "https://gymfitbulgaria-admin.azurewebsites.net/",
              "APP_JWT_EXPIRATION_MILISECONDS": "86400000",
              "APP_JWT_SECRECT": "daf66e01593f61a15b857cf433aae03a005812b31234e149036bcc8dee755dbb",
              "DB_HOST": "apfs-bssns99.postgres.database.azure.com",
              "DB_NAME": "gymfitdb",
              "DB_PASSWORD": "H@Sh1CoR3!",
              "DB_PORT": "5432",
              "DB_USERNAME": "psqladmin",
              "EMAIL_HOST": "smtp.gmail.com",
              "EMAIL_ORIGIN": "gymfitbulgaria@gmail.com",
              "EMAIL_PASSWORD": "iefn yzqo tpej keuy",
              "EMAIL_PORT": "587",
              "EMAIL_PROPS_KEY_ONE": "mail.smtp.starttls.enable",
              "EMAIL_PROPS_KEY_THREE": "mail.smtp.ssl.trust",
              "EMAIL_PROPS_KEY_TWO": "mail.smtp.auth",
              "EMAIL_PROPS_VALUE_ONE": "true",
              "EMAIL_PROPS_VALUE_THREE": "smtp.gmail.com",
              "EMAIL_PROPS_VALUE_TWO": "true",
              "SILA_BG_API_KEY": "Y1nVBIx7QV7aSlHyf1xHXdEmr3G4b64U3b1PCpFR0CfXUGRa64SFPYpD05MsGiflgaoH61CkqkplIZAy",
              "SILA_BG_AUTH_EMAIL": "stanimirsergev159@gmail.com",
              "SILA_BG_AUTH_PASSWORD": "bymejuh",
              "SPEEDY_API_PASSWORD": "6625235775",
              "SPEEDY_API_USERNAME": "1995900",
              "USER_FRONTEND_BASE_URL": "https://gymfitbulgaria.azurewebsites.net/"
            },
            "auth_settings": [],
            "auth_settings_v2": [],
            "backup": [],
            "client_affinity_enabled": false,
            "client_certificate_enabled": false,
            "client_certificate_exclusion_paths": "",
            "client_certificate_mode": "Required",
            "connection_string": [],
            "custom_domain_verification_id": "6EF228F85CB2DBB96618654C25B01B1B59D8F9004F04DB6C5BB665BB1C16AE45",
            "default_hostname": "gymfitbulgaria-api.azurewebsites.net",
            "enabled": true,
            "ftp_publish_basic_authentication_enabled": true,
            "hosting_environment_id": "",
            "https_only": false,
            "id": "/subscriptions/214be358-e4cb-434f-b300-aceef5abd2f3/resourceGroups/RG-BS/providers/Microsoft.Web/sites/gymfitbulgaria-api",
            "identity": [],
            "kind": "app",
            "location": "northeurope",
            "logs": [],
            "name": "gymfitbulgaria-api",
            "outbound_ip_address_list": [
              "51.104.146.179",
              "51.104.144.89",
              "20.54.17.178",
              "20.166.178.44",
              "20.166.178.88",
              "20.166.178.93",
              "20.166.232.210",
              "20.166.232.230",
              "20.166.232.234",
              "20.166.232.248",
              "20.166.233.30",
              "20.166.233.37",
              "20.107.224.29"
            ],
            "outbound_ip_addresses": "51.104.146.179,51.104.144.89,20.54.17.178,20.166.178.44,20.166.178.88,20.166.178.93,20.166.232.210,20.166.232.230,20.166.232.234,20.166.232.248,20.166.233.30,20.166.233.37,20.107.224.29",
            "possible_outbound_ip_address_list": [
              "51.104.146.179",
              "51.104.144.89",
              "20.54.17.178",
              "20.166.178.44",
              "20.166.178.88",
              "20.166.178.93",
              "20.166.232.210",
              "20.166.232.230",
              "20.166.232.234",
              "20.166.232.248",
              "20.166.233.30",
              "20.166.233.37",
              "20.54.16.241",
              "20.166.178.117",
              "20.166.178.133",
              "20.166.178.231",
              "20.166.178.232",
              "20.166.179.188",
              "20.166.179.214",
              "20.166.180.18",
              "20.166.180.99",
              "20.166.180.251",
              "20.166.181.65",
              "20.166.181.108",
              "20.166.182.5",
              "20.166.182.95",
              "20.166.182.107",
              "20.166.182.108",
              "20.166.182.110",
              "20.166.182.113",
              "20.166.232.210",
              "20.166.232.230",
              "20.166.232.234",
              "20.166.232.248",
              "20.166.233.30",
              "20.166.233.37",
              "20.166.182.160",
              "20.166.182.188",
              "20.166.182.224",
              "20.166.183.154",
              "20.166.183.170",
              "20.166.183.199",
              "20.107.224.29"
            ],
            "possible_outbound_ip_addresses": "51.104.146.179,51.104.144.89,20.54.17.178,20.166.178.44,20.166.178.88,20.166.178.93,20.166.232.210,20.166.232.230,20.166.232.234,20.166.232.248,20.166.233.30,20.166.233.37,20.54.16.241,20.166.178.117,20.166.178.133,20.166.178.231,20.166.178.232,20.166.179.188,20.166.179.214,20.166.180.18,20.166.180.99,20.166.180.251,20.166.181.65,20.166.181.108,20.166.182.5,20.166.182.95,20.166.182.107,20.166.182.108,20.166.182.110,20.166.182.113,20.166.232.210,20.166.232.230,20.166.232.234,20.166.232.248,20.166.233.30,20.166.233.37,20.166.182.160,20.166.182.188,20.166.182.224,20.166.183.154,20.166.183.170,20.166.183.199,20.107.224.29",
            "public_network_access_enabled": true,
            "resource_group_name": "RG-BS",
            "service_plan_id": "/subscriptions/214be358-e4cb-434f-b300-aceef5abd2f3/resourceGroups/RG-BS/providers/Microsoft.Web/serverFarms/ASP-BS",
            "site_config": [],
            "site_credential": [
              {
                "name": "$gymfitbulgaria-api",
                "password": "87uzip6abPwPama7qyjyWtC3dtih37ydDlkG5d79yqhtMPcHgucpuJdFtHgE"
              }
            ],
            "sticky_settings": [],
            "storage_account": [],
            "tags": {},
            "timeouts": null,
            "virtual_network_subnet_id": "",
            "webdeploy_publish_basic_authentication_enabled": true
          },
          "sensitive_attributes": []
        }
      ]
    },
    {
      "mode": "managed",
      "type": "azurerm_postgresql_flexible_server_firewall_rule",
      "name": "firewall_rules",
      "provider": "provider[\"registry.terraform.io/hashicorp/azurerm\"]",
      "instances": [
        {
          "index_key": 0,
          "schema_version": 0,
          "attributes": {
            "end_ip_address": "51.104.146.179",
            "id": "/subscriptions/214be358-e4cb-434f-b300-aceef5abd2f3/resourceGroups/RG-PGSQLFS/providers/Microsoft.DBforPostgreSQL/flexibleServers/apfs-bssns99/firewallRules/fw-rule-0",
            "name": "fw-rule-0",
            "server_id": "/subscriptions/214be358-e4cb-434f-b300-aceef5abd2f3/resourceGroups/RG-PGSQLFS/providers/Microsoft.DBforPostgreSQL/flexibleServers/apfs-bssns99",
            "start_ip_address": "51.104.146.179",
            "timeouts": null
          },
          "sensitive_attributes": [],
          "private": "eyJlMmJmYjczMC1lY2FhLTExZTYtOGY4OC0zNDM2M2JjN2M0YzAiOnsiY3JlYXRlIjoxODAwMDAwMDAwMDAwLCJkZWxldGUiOjE4MDAwMDAwMDAwMDAsInJlYWQiOjMwMDAwMDAwMDAwMCwidXBkYXRlIjoxODAwMDAwMDAwMDAwfX0=",
          "dependencies": [
            "data.azurerm_postgresql_flexible_server.pgsql_server",
            "data.azurerm_windows_web_app.web_app"
          ]
        },
        {
          "index_key": 1,
          "schema_version": 0,
          "attributes": {
            "end_ip_address": "51.104.144.89",
            "id": "/subscriptions/214be358-e4cb-434f-b300-aceef5abd2f3/resourceGroups/RG-PGSQLFS/providers/Microsoft.DBforPostgreSQL/flexibleServers/apfs-bssns99/firewallRules/fw-rule-1",
            "name": "fw-rule-1",
            "server_id": "/subscriptions/214be358-e4cb-434f-b300-aceef5abd2f3/resourceGroups/RG-PGSQLFS/providers/Microsoft.DBforPostgreSQL/flexibleServers/apfs-bssns99",
            "start_ip_address": "51.104.144.89",
            "timeouts": null
          },
          "sensitive_attributes": [],
          "private": "eyJlMmJmYjczMC1lY2FhLTExZTYtOGY4OC0zNDM2M2JjN2M0YzAiOnsiY3JlYXRlIjoxODAwMDAwMDAwMDAwLCJkZWxldGUiOjE4MDAwMDAwMDAwMDAsInJlYWQiOjMwMDAwMDAwMDAwMCwidXBkYXRlIjoxODAwMDAwMDAwMDAwfX0=",
          "dependencies": [
            "data.azurerm_postgresql_flexible_server.pgsql_server",
            "data.azurerm_windows_web_app.web_app"
          ]
        },
        {
          "index_key": 2,
          "schema_version": 0,
          "attributes": {
            "end_ip_address": "20.54.17.178",
            "id": "/subscriptions/214be358-e4cb-434f-b300-aceef5abd2f3/resourceGroups/RG-PGSQLFS/providers/Microsoft.DBforPostgreSQL/flexibleServers/apfs-bssns99/firewallRules/fw-rule-2",
            "name": "fw-rule-2",
            "server_id": "/subscriptions/214be358-e4cb-434f-b300-aceef5abd2f3/resourceGroups/RG-PGSQLFS/providers/Microsoft.DBforPostgreSQL/flexibleServers/apfs-bssns99",
            "start_ip_address": "20.54.17.178",
            "timeouts": null
          },
          "sensitive_attributes": [],
          "private": "eyJlMmJmYjczMC1lY2FhLTExZTYtOGY4OC0zNDM2M2JjN2M0YzAiOnsiY3JlYXRlIjoxODAwMDAwMDAwMDAwLCJkZWxldGUiOjE4MDAwMDAwMDAwMDAsInJlYWQiOjMwMDAwMDAwMDAwMCwidXBkYXRlIjoxODAwMDAwMDAwMDAwfX0=",
          "dependencies": [
            "data.azurerm_postgresql_flexible_server.pgsql_server",
            "data.azurerm_windows_web_app.web_app"
          ]
        },
        {
          "index_key": 3,
          "schema_version": 0,
          "attributes": {
            "end_ip_address": "20.166.178.44",
            "id": "/subscriptions/214be358-e4cb-434f-b300-aceef5abd2f3/resourceGroups/RG-PGSQLFS/providers/Microsoft.DBforPostgreSQL/flexibleServers/apfs-bssns99/firewallRules/fw-rule-3",
            "name": "fw-rule-3",
            "server_id": "/subscriptions/214be358-e4cb-434f-b300-aceef5abd2f3/resourceGroups/RG-PGSQLFS/providers/Microsoft.DBforPostgreSQL/flexibleServers/apfs-bssns99",
            "start_ip_address": "20.166.178.44",
            "timeouts": null
          },
          "sensitive_attributes": [],
          "private": "eyJlMmJmYjczMC1lY2FhLTExZTYtOGY4OC0zNDM2M2JjN2M0YzAiOnsiY3JlYXRlIjoxODAwMDAwMDAwMDAwLCJkZWxldGUiOjE4MDAwMDAwMDAwMDAsInJlYWQiOjMwMDAwMDAwMDAwMCwidXBkYXRlIjoxODAwMDAwMDAwMDAwfX0=",
          "dependencies": [
            "data.azurerm_postgresql_flexible_server.pgsql_server",
            "data.azurerm_windows_web_app.web_app"
          ]
        },
        {
          "index_key": 4,
          "schema_version": 0,
          "attributes": {
            "end_ip_address": "20.166.178.88",
            "id": "/subscriptions/214be358-e4cb-434f-b300-aceef5abd2f3/resourceGroups/RG-PGSQLFS/providers/Microsoft.DBforPostgreSQL/flexibleServers/apfs-bssns99/firewallRules/fw-rule-4",
            "name": "fw-rule-4",
            "server_id": "/subscriptions/214be358-e4cb-434f-b300-aceef5abd2f3/resourceGroups/RG-PGSQLFS/providers/Microsoft.DBforPostgreSQL/flexibleServers/apfs-bssns99",
            "start_ip_address": "20.166.178.88",
            "timeouts": null
          },
          "sensitive_attributes": [],
          "private": "eyJlMmJmYjczMC1lY2FhLTExZTYtOGY4OC0zNDM2M2JjN2M0YzAiOnsiY3JlYXRlIjoxODAwMDAwMDAwMDAwLCJkZWxldGUiOjE4MDAwMDAwMDAwMDAsInJlYWQiOjMwMDAwMDAwMDAwMCwidXBkYXRlIjoxODAwMDAwMDAwMDAwfX0=",
          "dependencies": [
            "data.azurerm_postgresql_flexible_server.pgsql_server",
            "data.azurerm_windows_web_app.web_app"
          ]
        },
        {
          "index_key": 5,
          "schema_version": 0,
          "attributes": {
            "end_ip_address": "20.166.178.93",
            "id": "/subscriptions/214be358-e4cb-434f-b300-aceef5abd2f3/resourceGroups/RG-PGSQLFS/providers/Microsoft.DBforPostgreSQL/flexibleServers/apfs-bssns99/firewallRules/fw-rule-5",
            "name": "fw-rule-5",
            "server_id": "/subscriptions/214be358-e4cb-434f-b300-aceef5abd2f3/resourceGroups/RG-PGSQLFS/providers/Microsoft.DBforPostgreSQL/flexibleServers/apfs-bssns99",
            "start_ip_address": "20.166.178.93",
            "timeouts": null
          },
          "sensitive_attributes": [],
          "private": "eyJlMmJmYjczMC1lY2FhLTExZTYtOGY4OC0zNDM2M2JjN2M0YzAiOnsiY3JlYXRlIjoxODAwMDAwMDAwMDAwLCJkZWxldGUiOjE4MDAwMDAwMDAwMDAsInJlYWQiOjMwMDAwMDAwMDAwMCwidXBkYXRlIjoxODAwMDAwMDAwMDAwfX0=",
          "dependencies": [
            "data.azurerm_postgresql_flexible_server.pgsql_server",
            "data.azurerm_windows_web_app.web_app"
          ]
        },
        {
          "index_key": 6,
          "schema_version": 0,
          "attributes": {
            "end_ip_address": "20.166.232.210",
            "id": "/subscriptions/214be358-e4cb-434f-b300-aceef5abd2f3/resourceGroups/RG-PGSQLFS/providers/Microsoft.DBforPostgreSQL/flexibleServers/apfs-bssns99/firewallRules/fw-rule-6",
            "name": "fw-rule-6",
            "server_id": "/subscriptions/214be358-e4cb-434f-b300-aceef5abd2f3/resourceGroups/RG-PGSQLFS/providers/Microsoft.DBforPostgreSQL/flexibleServers/apfs-bssns99",
            "start_ip_address": "20.166.232.210",
            "timeouts": null
          },
          "sensitive_attributes": [],
          "private": "eyJlMmJmYjczMC1lY2FhLTExZTYtOGY4OC0zNDM2M2JjN2M0YzAiOnsiY3JlYXRlIjoxODAwMDAwMDAwMDAwLCJkZWxldGUiOjE4MDAwMDAwMDAwMDAsInJlYWQiOjMwMDAwMDAwMDAwMCwidXBkYXRlIjoxODAwMDAwMDAwMDAwfX0=",
          "dependencies": [
            "data.azurerm_postgresql_flexible_server.pgsql_server",
            "data.azurerm_windows_web_app.web_app"
          ]
        },
        {
          "index_key": 7,
          "schema_version": 0,
          "attributes": {
            "end_ip_address": "20.166.232.230",
            "id": "/subscriptions/214be358-e4cb-434f-b300-aceef5abd2f3/resourceGroups/RG-PGSQLFS/providers/Microsoft.DBforPostgreSQL/flexibleServers/apfs-bssns99/firewallRules/fw-rule-7",
            "name": "fw-rule-7",
            "server_id": "/subscriptions/214be358-e4cb-434f-b300-aceef5abd2f3/resourceGroups/RG-PGSQLFS/providers/Microsoft.DBforPostgreSQL/flexibleServers/apfs-bssns99",
            "start_ip_address": "20.166.232.230",
            "timeouts": null
          },
          "sensitive_attributes": [],
          "private": "eyJlMmJmYjczMC1lY2FhLTExZTYtOGY4OC0zNDM2M2JjN2M0YzAiOnsiY3JlYXRlIjoxODAwMDAwMDAwMDAwLCJkZWxldGUiOjE4MDAwMDAwMDAwMDAsInJlYWQiOjMwMDAwMDAwMDAwMCwidXBkYXRlIjoxODAwMDAwMDAwMDAwfX0=",
          "dependencies": [
            "data.azurerm_postgresql_flexible_server.pgsql_server",
            "data.azurerm_windows_web_app.web_app"
          ]
        },
        {
          "index_key": 8,
          "schema_version": 0,
          "attributes": {
            "end_ip_address": "20.166.232.234",
            "id": "/subscriptions/214be358-e4cb-434f-b300-aceef5abd2f3/resourceGroups/RG-PGSQLFS/providers/Microsoft.DBforPostgreSQL/flexibleServers/apfs-bssns99/firewallRules/fw-rule-8",
            "name": "fw-rule-8",
            "server_id": "/subscriptions/214be358-e4cb-434f-b300-aceef5abd2f3/resourceGroups/RG-PGSQLFS/providers/Microsoft.DBforPostgreSQL/flexibleServers/apfs-bssns99",
            "start_ip_address": "20.166.232.234",
            "timeouts": null
          },
          "sensitive_attributes": [],
          "private": "eyJlMmJmYjczMC1lY2FhLTExZTYtOGY4OC0zNDM2M2JjN2M0YzAiOnsiY3JlYXRlIjoxODAwMDAwMDAwMDAwLCJkZWxldGUiOjE4MDAwMDAwMDAwMDAsInJlYWQiOjMwMDAwMDAwMDAwMCwidXBkYXRlIjoxODAwMDAwMDAwMDAwfX0=",
          "dependencies": [
            "data.azurerm_postgresql_flexible_server.pgsql_server",
            "data.azurerm_windows_web_app.web_app"
          ]
        },
        {
          "index_key": 9,
          "schema_version": 0,
          "attributes": {
            "end_ip_address": "20.166.232.248",
            "id": "/subscriptions/214be358-e4cb-434f-b300-aceef5abd2f3/resourceGroups/RG-PGSQLFS/providers/Microsoft.DBforPostgreSQL/flexibleServers/apfs-bssns99/firewallRules/fw-rule-9",
            "name": "fw-rule-9",
            "server_id": "/subscriptions/214be358-e4cb-434f-b300-aceef5abd2f3/resourceGroups/RG-PGSQLFS/providers/Microsoft.DBforPostgreSQL/flexibleServers/apfs-bssns99",
            "start_ip_address": "20.166.232.248",
            "timeouts": null
          },
          "sensitive_attributes": [],
          "private": "eyJlMmJmYjczMC1lY2FhLTExZTYtOGY4OC0zNDM2M2JjN2M0YzAiOnsiY3JlYXRlIjoxODAwMDAwMDAwMDAwLCJkZWxldGUiOjE4MDAwMDAwMDAwMDAsInJlYWQiOjMwMDAwMDAwMDAwMCwidXBkYXRlIjoxODAwMDAwMDAwMDAwfX0=",
          "dependencies": [
            "data.azurerm_postgresql_flexible_server.pgsql_server",
            "data.azurerm_windows_web_app.web_app"
          ]
        },
        {
          "index_key": 10,
          "schema_version": 0,
          "attributes": {
            "end_ip_address": "20.166.233.30",
            "id": "/subscriptions/214be358-e4cb-434f-b300-aceef5abd2f3/resourceGroups/RG-PGSQLFS/providers/Microsoft.DBforPostgreSQL/flexibleServers/apfs-bssns99/firewallRules/fw-rule-10",
            "name": "fw-rule-10",
            "server_id": "/subscriptions/214be358-e4cb-434f-b300-aceef5abd2f3/resourceGroups/RG-PGSQLFS/providers/Microsoft.DBforPostgreSQL/flexibleServers/apfs-bssns99",
            "start_ip_address": "20.166.233.30",
            "timeouts": null
          },
          "sensitive_attributes": [],
          "private": "eyJlMmJmYjczMC1lY2FhLTExZTYtOGY4OC0zNDM2M2JjN2M0YzAiOnsiY3JlYXRlIjoxODAwMDAwMDAwMDAwLCJkZWxldGUiOjE4MDAwMDAwMDAwMDAsInJlYWQiOjMwMDAwMDAwMDAwMCwidXBkYXRlIjoxODAwMDAwMDAwMDAwfX0=",
          "dependencies": [
            "data.azurerm_postgresql_flexible_server.pgsql_server",
            "data.azurerm_windows_web_app.web_app"
          ]
        },
        {
          "index_key": 11,
          "schema_version": 0,
          "attributes": {
            "end_ip_address": "20.166.233.37",
            "id": "/subscriptions/214be358-e4cb-434f-b300-aceef5abd2f3/resourceGroups/RG-PGSQLFS/providers/Microsoft.DBforPostgreSQL/flexibleServers/apfs-bssns99/firewallRules/fw-rule-11",
            "name": "fw-rule-11",
            "server_id": "/subscriptions/214be358-e4cb-434f-b300-aceef5abd2f3/resourceGroups/RG-PGSQLFS/providers/Microsoft.DBforPostgreSQL/flexibleServers/apfs-bssns99",
            "start_ip_address": "20.166.233.37",
            "timeouts": null
          },
          "sensitive_attributes": [],
          "private": "eyJlMmJmYjczMC1lY2FhLTExZTYtOGY4OC0zNDM2M2JjN2M0YzAiOnsiY3JlYXRlIjoxODAwMDAwMDAwMDAwLCJkZWxldGUiOjE4MDAwMDAwMDAwMDAsInJlYWQiOjMwMDAwMDAwMDAwMCwidXBkYXRlIjoxODAwMDAwMDAwMDAwfX0=",
          "dependencies": [
            "data.azurerm_postgresql_flexible_server.pgsql_server",
            "data.azurerm_windows_web_app.web_app"
          ]
        },
        {
          "index_key": 12,
          "schema_version": 0,
          "attributes": {
            "end_ip_address": "20.107.224.29",
            "id": "/subscriptions/214be358-e4cb-434f-b300-aceef5abd2f3/resourceGroups/RG-PGSQLFS/providers/Microsoft.DBforPostgreSQL/flexibleServers/apfs-bssns99/firewallRules/fw-rule-12",
            "name": "fw-rule-12",
            "server_id": "/subscriptions/214be358-e4cb-434f-b300-aceef5abd2f3/resourceGroups/RG-PGSQLFS/providers/Microsoft.DBforPostgreSQL/flexibleServers/apfs-bssns99",
            "start_ip_address": "20.107.224.29",
            "timeouts": null
          },
          "sensitive_attributes": [],
          "private": "eyJlMmJmYjczMC1lY2FhLTExZTYtOGY4OC0zNDM2M2JjN2M0YzAiOnsiY3JlYXRlIjoxODAwMDAwMDAwMDAwLCJkZWxldGUiOjE4MDAwMDAwMDAwMDAsInJlYWQiOjMwMDAwMDAwMDAwMCwidXBkYXRlIjoxODAwMDAwMDAwMDAwfX0=",
          "dependencies": [
            "data.azurerm_postgresql_flexible_server.pgsql_server",
            "data.azurerm_windows_web_app.web_app"
          ]
        }
      ]
    }
  ],
  "check_results": null
}
